
Microsoft Visual Studio Solution File, Format Version 12.00
# Visual Studio Version 16
VisualStudioVersion = 16.0.31624.102
MinimumVisualStudioVersion = 10.0.40219.1
Project("{FAE04EC0-301F-11D3-BF4B-00C04F79EFBC}") = "Open-Lab-10.03", "Open-Lab-10.03\Open-Lab-10.03.csproj", "{A41811DF-9DB0-47CB-96E0-F23BA260D4E7}"
EndProject
Global
	GlobalSection(SolutionConfigurationPlatforms) = preSolution
		Debug|Any CPU = Debug|Any CPU
		Release|Any CPU = Release|Any CPU
	EndGlobalSection
	GlobalSection(ProjectConfigurationPlatforms) = postSolution
		{A41811DF-9DB0-47CB-96E0-F23BA260D4E7}.Debug|Any CPU.ActiveCfg = Debug|Any CPU
		{A41811DF-9DB0-47CB-96E0-F23BA260D4E7}.Debug|Any CPU.Build.0 = Debug|Any CPU
		{A41811DF-9DB0-47CB-96E0-F23BA260D4E7}.Release|Any CPU.ActiveCfg = Release|Any CPU
		{A41811DF-9DB0-47CB-96E0-F23BA260D4E7}.Release|Any CPU.Build.0 = Release|Any CPU
	EndGlobalSection
	GlobalSection(SolutionProperties) = preSolution
		HideSolutionNode = FALSE
	EndGlobalSection
	GlobalSection(ExtensibilityGlobals) = postSolution
		SolutionGuid = {FC2782FE-A5DF-4754-978C-DDCC98A30A57}
	EndGlobalSection
EndGlobal
